
Microsoft Visual Studio Solution File, Format Version 12.00
# Visual Studio Version 17
VisualStudioVersion = 17.2.32602.215
MinimumVisualStudioVersion = 10.0.40219.1
Project("{FAE04EC0-301F-11D3-BF4B-00C04F79EFBC}") = "Ticari_Otomasyon", "Ticari_Otomasyon\Ticari_Otomasyon.csproj", "{AE51C792-0C44-4966-8F82-9EFACCFE0AB5}"
EndProject
Global
	GlobalSection(SolutionConfigurationPlatforms) = preSolution
		Debug|Any CPU = Debug|Any CPU
		Release|Any CPU = Release|Any CPU
	EndGlobalSection
	GlobalSection(ProjectConfigurationPlatforms) = postSolution
		{AE51C792-0C44-4966-8F82-9EFACCFE0AB5}.Debug|Any CPU.ActiveCfg = Debug|Any CPU
		{AE51C792-0C44-4966-8F82-9EFACCFE0AB5}.Debug|Any CPU.Build.0 = Debug|Any CPU
		{AE51C792-0C44-4966-8F82-9EFACCFE0AB5}.Release|Any CPU.ActiveCfg = Release|Any CPU
		{AE51C792-0C44-4966-8F82-9EFACCFE0AB5}.Release|Any CPU.Build.0 = Release|Any CPU
	EndGlobalSection
	GlobalSection(SolutionProperties) = preSolution
		HideSolutionNode = FALSE
	EndGlobalSection
	GlobalSection(ExtensibilityGlobals) = postSolution
		SolutionGuid = {89E7A51F-C95D-4E1A-ADF6-6B28CDF32AE0}
	EndGlobalSection
EndGlobal
